{
    "_meta": {
        "hash": {
            "sha256": "1ef992047e5de6cf70f4bed8ed85a99807b5eb73c82d988d9ec3fee14ad3998d"
        },
        "pipfile-spec": 6,
        "requires": {
            "python_version": "3.7"
        },
        "sources": [
            {
                "name": "pypi",
                "url": "https://pypi.org/simple",
                "verify_ssl": true
            }
        ]
    },
    "default": {
        "balance-tutorial": {
            "editable": true,
            "path": "."
        },
        "ca100b1": {
            "path": "./../../plug/libs/plug-0.0.20.tar.gz"
        }
    },
    "develop": {}
}
