{
    "_meta": {
        "hash": {
            "sha256": "14906e86cb56f75a9bda20de8690fa71cba87029ba761b068f265a7fd3fbf914"
        },
        "pipfile-spec": 6,
        "requires": {
            "python_version": "3.6"
        },
        "sources": [
            {
                "name": "pypi",
                "url": "https://pypi.org/simple",
                "verify_ssl": true
            }
        ]
    },
    "default": {
        "9054754": {
            "path": "./../overview/libs/plug-0.0.20.tar.gz"
        },
        "balance-tutorial": {
            "editable": true,
            "path": "."
        }
    },
    "develop": {}
}
